
Microsoft Visual Studio Solution File, Format Version 12.00
# Visual Studio 2012
Project("{FAE04EC0-301F-11D3-BF4B-00C04F79EFBC}") = "AF_CS", "AF_CS\AF_CS.csproj", "{6EDF4CFF-D87A-4808-AE7D-5988638AD946}"
EndProject
Project("{FAE04EC0-301F-11D3-BF4B-00C04F79EFBC}") = "AF_CS_BO", "AF_CS_BO\AF_CS_BO.csproj", "{A5145803-BCD2-476E-9EAC-20455F4A9B6C}"
EndProject
Project("{FAE04EC0-301F-11D3-BF4B-00C04F79EFBC}") = "AF_CS_BLL", "AF_CS_BLL\AF_CS_BLL.csproj", "{31AE4133-C332-4D61-BADA-BD50041B4350}"
EndProject
Project("{FAE04EC0-301F-11D3-BF4B-00C04F79EFBC}") = "AF_CS_DAL", "AF_CS_DAL\AF_CS_DAL.csproj", "{2C733519-9CE2-49C8-A3B7-F468FFB4921E}"
EndProject
Global
	GlobalSection(SolutionConfigurationPlatforms) = preSolution
		Debug|Any CPU = Debug|Any CPU
		Release|Any CPU = Release|Any CPU
	EndGlobalSection
	GlobalSection(ProjectConfigurationPlatforms) = postSolution
		{6EDF4CFF-D87A-4808-AE7D-5988638AD946}.Debug|Any CPU.ActiveCfg = Debug|Any CPU
		{6EDF4CFF-D87A-4808-AE7D-5988638AD946}.Debug|Any CPU.Build.0 = Debug|Any CPU
		{6EDF4CFF-D87A-4808-AE7D-5988638AD946}.Release|Any CPU.ActiveCfg = Release|Any CPU
		{6EDF4CFF-D87A-4808-AE7D-5988638AD946}.Release|Any CPU.Build.0 = Release|Any CPU
		{A5145803-BCD2-476E-9EAC-20455F4A9B6C}.Debug|Any CPU.ActiveCfg = Debug|Any CPU
		{A5145803-BCD2-476E-9EAC-20455F4A9B6C}.Debug|Any CPU.Build.0 = Debug|Any CPU
		{A5145803-BCD2-476E-9EAC-20455F4A9B6C}.Release|Any CPU.ActiveCfg = Release|Any CPU
		{A5145803-BCD2-476E-9EAC-20455F4A9B6C}.Release|Any CPU.Build.0 = Release|Any CPU
		{31AE4133-C332-4D61-BADA-BD50041B4350}.Debug|Any CPU.ActiveCfg = Debug|Any CPU
		{31AE4133-C332-4D61-BADA-BD50041B4350}.Debug|Any CPU.Build.0 = Debug|Any CPU
		{31AE4133-C332-4D61-BADA-BD50041B4350}.Release|Any CPU.ActiveCfg = Release|Any CPU
		{31AE4133-C332-4D61-BADA-BD50041B4350}.Release|Any CPU.Build.0 = Release|Any CPU
		{2C733519-9CE2-49C8-A3B7-F468FFB4921E}.Debug|Any CPU.ActiveCfg = Debug|Any CPU
		{2C733519-9CE2-49C8-A3B7-F468FFB4921E}.Debug|Any CPU.Build.0 = Debug|Any CPU
		{2C733519-9CE2-49C8-A3B7-F468FFB4921E}.Release|Any CPU.ActiveCfg = Release|Any CPU
		{2C733519-9CE2-49C8-A3B7-F468FFB4921E}.Release|Any CPU.Build.0 = Release|Any CPU
	EndGlobalSection
	GlobalSection(SolutionProperties) = preSolution
		HideSolutionNode = FALSE
	EndGlobalSection
EndGlobal
